Microsoft Visual Studio Solution File, Format Version 12.00
# Visual Studio Version 17
VisualStudioVersion = 17.5.33103.201
MinimumVisualStudioVersion = 10.0.40219.1
Project("{FAE04EC0-301F-11D3-BF4B-00C04F79EFBC}") = "AppsAndroidEnW10Mobile", "Src\AppsAndroidEnW10Mobile.csproj", "{DCAC670E-C565-4AED-8AD5-48B31C14CA55}"
EndProject
Global
	GlobalSection(SolutionConfigurationPlatforms) = preSolution
		Debug|Any CPU = Debug|Any CPU
		Debug|x64 = Debug|x64
		Debug|x86 = Debug|x86
		Release|Any CPU = Release|Any CPU
		Release|x64 = Release|x64
		Release|x86 = Release|x86
	EndGlobalSection
	GlobalSection(ProjectConfigurationPlatforms) = postSolution
		{DCAC670E-C565-4AED-8AD5-48B31C14CA55}.Debug|Any CPU.ActiveCfg = Debug|Any CPU
		{DCAC670E-C565-4AED-8AD5-48B31C14CA55}.Debug|Any CPU.Build.0 = Debug|Any CPU
		{DCAC670E-C565-4AED-8AD5-48B31C14CA55}.Debug|x64.ActiveCfg = Debug|x64
		{DCAC670E-C565-4AED-8AD5-48B31C14CA55}.Debug|x64.Build.0 = Debug|x64
		{DCAC670E-C565-4AED-8AD5-48B31C14CA55}.Debug|x86.ActiveCfg = Debug|x86
		{DCAC670E-C565-4AED-8AD5-48B31C14CA55}.Debug|x86.Build.0 = Debug|x86
		{DCAC670E-C565-4AED-8AD5-48B31C14CA55}.Release|Any CPU.ActiveCfg = Release|Any CPU
		{DCAC670E-C565-4AED-8AD5-48B31C14CA55}.Release|Any CPU.Build.0 = Release|Any CPU
		{DCAC670E-C565-4AED-8AD5-48B31C14CA55}.Release|x64.ActiveCfg = Release|x64
		{DCAC670E-C565-4AED-8AD5-48B31C14CA55}.Release|x64.Build.0 = Release|x64
		{DCAC670E-C565-4AED-8AD5-48B31C14CA55}.Release|x86.ActiveCfg = Release|x86
		{DCAC670E-C565-4AED-8AD5-48B31C14CA55}.Release|x86.Build.0 = Release|x86
	EndGlobalSection
	GlobalSection(SolutionProperties) = preSolution
		HideSolutionNode = FALSE
	EndGlobalSection
EndGlobal
